// !$*UTF8*$!
{
	archiveVersion = 1;
	classes = {
	};
	objectVersion = 50;
	objects = {

/* Begin PBXBuildFile section */
		663287CF2362907000D988D3 /* libopencv_video.3.4.5.dylib in Frameworks */ = {isa = PBXBuildFile; fileRef = 663287CE2362907000D988D3 /* libopencv_video.3.4.5.dylib */; };
		663287D2236290F000D988D3 /* libopencv_videoio.3.4.5.dylib in Frameworks */ = {isa = PBXBuildFile; fileRef = 663287D0236290F000D988D3 /* libopencv_videoio.3.4.5.dylib */; };
		663287D3236290F000D988D3 /* libopencv_videostab.3.4.5.dylib in Frameworks */ = {isa = PBXBuildFile; fileRef = 663287D1236290F000D988D3 /* libopencv_videostab.3.4.5.dylib */; };
		669047B82356B80D00230676 /* main.cpp in Sources */ = {isa = PBXBuildFile; fileRef = 669047B72356B80D00230676 /* main.cpp */; };
		669047EB2356E32100230676 /* libopencv_core.3.4.5.dylib in Frameworks */ = {isa = PBXBuildFile; fileRef = 669047E62356E32100230676 /* libopencv_core.3.4.5.dylib */; };
		669047EC2356E32100230676 /* libopencv_features2d.3.4.5.dylib in Frameworks */ = {isa = PBXBuildFile; fileRef = 669047E72356E32100230676 /* libopencv_features2d.3.4.5.dylib */; };
		669047ED2356E32100230676 /* libopencv_highgui.3.4.5.dylib in Frameworks */ = {isa = PBXBuildFile; fileRef = 669047E82356E32100230676 /* libopencv_highgui.3.4.5.dylib */; };
		669047EE2356E32100230676 /* libopencv_ml.3.4.5.dylib in Frameworks */ = {isa = PBXBuildFile; fileRef = 669047E92356E32100230676 /* libopencv_ml.3.4.5.dylib */; };
		669047EF2356E32100230676 /* libopencv_imgproc.3.4.5.dylib in Frameworks */ = {isa = PBXBuildFile; fileRef = 669047EA2356E32100230676 /* libopencv_imgproc.3.4.5.dylib */; };
		669047F12356E36000230676 /* libopencv_imgcodecs.3.4.5.dylib in Frameworks */ = {isa = PBXBuildFile; fileRef = 669047F02356E36000230676 /* libopencv_imgcodecs.3.4.5.dylib */; };
		66E4E5DF235DA30A00D4274E /* morphology.cpp in Sources */ = {isa = PBXBuildFile; fileRef = 66E4E5DD235DA30A00D4274E /* morphology.cpp */; };
/* End PBXBuildFile section */

/* Begin PBXCopyFilesBuildPhase section */
		669047B22356B80D00230676 /* CopyFiles */ = {
			isa = PBXCopyFilesBuildPhase;
			buildActionMask = 2147483647;
			dstPath = /usr/share/man/man1/;
			dstSubfolderSpec = 0;
			files = (
			);
			runOnlyForDeploymentPostprocessing = 1;
		};
/* End PBXCopyFilesBuildPhase section */

/* Begin PBXFileReference section */
		663287CE2362907000D988D3 /* libopencv_video.3.4.5.dylib */ = {isa = PBXFileReference; lastKnownFileType = "compiled.mach-o.dylib"; name = libopencv_video.3.4.5.dylib; path = "../../../../usr/local/Cellar/opencv@3/3.4.5_6/lib/libopencv_video.3.4.5.dylib"; sourceTree = "<group>"; };
		663287D0236290F000D988D3 /* libopencv_videoio.3.4.5.dylib */ = {isa = PBXFileReference; lastKnownFileType = "compiled.mach-o.dylib"; name = libopencv_videoio.3.4.5.dylib; path = "../../../../usr/local/Cellar/opencv@3/3.4.5_6/lib/libopencv_videoio.3.4.5.dylib"; sourceTree = "<group>"; };
		663287D1236290F000D988D3 /* libopencv_videostab.3.4.5.dylib */ = {isa = PBXFileReference; lastKnownFileType = "compiled.mach-o.dylib"; name = libopencv_videostab.3.4.5.dylib; path = "../../../../usr/local/Cellar/opencv@3/3.4.5_6/lib/libopencv_videostab.3.4.5.dylib"; sourceTree = "<group>"; };
		663287D823629C3200D988D3 /* Info.plist */ = {isa = PBXFileReference; lastKnownFileType = text.plist.xml; path = Info.plist; sourceTree = "<group>"; };
		669047B42356B80D00230676 /* opencvdemo */ = {isa = PBXFileReference; explicitFileType = "compiled.mach-o.executable"; includeInIndex = 0; path = opencvdemo; sourceTree = BUILT_PRODUCTS_DIR; };
		669047B72356B80D00230676 /* main.cpp */ = {isa = PBXFileReference; lastKnownFileType = sourcecode.cpp.cpp; path = main.cpp; sourceTree = "<group>"; };
		669047E62356E32100230676 /* libopencv_core.3.4.5.dylib */ = {isa = PBXFileReference; lastKnownFileType = "compiled.mach-o.dylib"; name = libopencv_core.3.4.5.dylib; path = "../../../../usr/local/Cellar/opencv@3/3.4.5_6/lib/libopencv_core.3.4.5.dylib"; sourceTree = "<group>"; };
		669047E72356E32100230676 /* libopencv_features2d.3.4.5.dylib */ = {isa = PBXFileReference; lastKnownFileType = "compiled.mach-o.dylib"; name = libopencv_features2d.3.4.5.dylib; path = "../../../../usr/local/Cellar/opencv@3/3.4.5_6/lib/libopencv_features2d.3.4.5.dylib"; sourceTree = "<group>"; };
		669047E82356E32100230676 /* libopencv_highgui.3.4.5.dylib */ = {isa = PBXFileReference; lastKnownFileType = "compiled.mach-o.dylib"; name = libopencv_highgui.3.4.5.dylib; path = "../../../../usr/local/Cellar/opencv@3/3.4.5_6/lib/libopencv_highgui.3.4.5.dylib"; sourceTree = "<group>"; };
		669047E92356E32100230676 /* libopencv_ml.3.4.5.dylib */ = {isa = PBXFileReference; lastKnownFileType = "compiled.mach-o.dylib"; name = libopencv_ml.3.4.5.dylib; path = "../../../../usr/local/Cellar/opencv@3/3.4.5_6/lib/libopencv_ml.3.4.5.dylib"; sourceTree = "<group>"; };
		669047EA2356E32100230676 /* libopencv_imgproc.3.4.5.dylib */ = {isa = PBXFileReference; lastKnownFileType = "compiled.mach-o.dylib"; name = libopencv_imgproc.3.4.5.dylib; path = "../../../../usr/local/Cellar/opencv@3/3.4.5_6/lib/libopencv_imgproc.3.4.5.dylib"; sourceTree = "<group>"; };
		669047F02356E36000230676 /* libopencv_imgcodecs.3.4.5.dylib */ = {isa = PBXFileReference; lastKnownFileType = "compiled.mach-o.dylib"; name = libopencv_imgcodecs.3.4.5.dylib; path = "../../../../usr/local/Cellar/opencv@3/3.4.5_6/lib/libopencv_imgcodecs.3.4.5.dylib"; sourceTree = "<group>"; };
		66E4E5DD235DA30A00D4274E /* morphology.cpp */ = {isa = PBXFileReference; lastKnownFileType = sourcecode.cpp.cpp; path = morphology.cpp; sourceTree = "<group>"; };
		66E4E5DE235DA30A00D4274E /* morphology.hpp */ = {isa = PBXFileReference; lastKnownFileType = sourcecode.cpp.h; path = morphology.hpp; sourceTree = "<group>"; };
/* End PBXFileReference section */

/* Begin PBXFrameworksBuildPhase section */
		669047B12356B80D00230676 /* Frameworks */ = {
			isa = PBXFrameworksBuildPhase;
			buildActionMask = 2147483647;
			files = (
				663287D2236290F000D988D3 /* libopencv_videoio.3.4.5.dylib in Frameworks */,
				663287D3236290F000D988D3 /* libopencv_videostab.3.4.5.dylib in Frameworks */,
				663287CF2362907000D988D3 /* libopencv_video.3.4.5.dylib in Frameworks */,
				669047F12356E36000230676 /* libopencv_imgcodecs.3.4.5.dylib in Frameworks */,
				669047EB2356E32100230676 /* libopencv_core.3.4.5.dylib in Frameworks */,
				669047EC2356E32100230676 /* libopencv_features2d.3.4.5.dylib in Frameworks */,
				669047ED2356E32100230676 /* libopencv_highgui.3.4.5.dylib in Frameworks */,
				669047EE2356E32100230676 /* libopencv_ml.3.4.5.dylib in Frameworks */,
				669047EF2356E32100230676 /* libopencv_imgproc.3.4.5.dylib in Frameworks */,
			);
			runOnlyForDeploymentPostprocessing = 0;
		};
/* End PBXFrameworksBuildPhase section */

/* Begin PBXGroup section */
		669047AB2356B80D00230676 = {
			isa = PBXGroup;
			children = (
				669047B62356B80D00230676 /* opencvdemo */,
				669047B52356B80D00230676 /* Products */,
				669047E52356E32100230676 /* Frameworks */,
			);
			sourceTree = "<group>";
		};
		669047B52356B80D00230676 /* Products */ = {
			isa = PBXGroup;
			children = (
				669047B42356B80D00230676 /* opencvdemo */,
			);
			name = Products;
			sourceTree = "<group>";
		};
		669047B62356B80D00230676 /* opencvdemo */ = {
			isa = PBXGroup;
			children = (
				669047B72356B80D00230676 /* main.cpp */,
				66E4E5DD235DA30A00D4274E /* morphology.cpp */,
				66E4E5DE235DA30A00D4274E /* morphology.hpp */,
				663287D823629C3200D988D3 /* Info.plist */,
			);
			path = opencvdemo;
			sourceTree = "<group>";
		};
		669047E52356E32100230676 /* Frameworks */ = {
			isa = PBXGroup;
			children = (
				663287D0236290F000D988D3 /* libopencv_videoio.3.4.5.dylib */,
				663287D1236290F000D988D3 /* libopencv_videostab.3.4.5.dylib */,
				663287CE2362907000D988D3 /* libopencv_video.3.4.5.dylib */,
				669047F02356E36000230676 /* libopencv_imgcodecs.3.4.5.dylib */,
				669047E62356E32100230676 /* libopencv_core.3.4.5.dylib */,
				669047E72356E32100230676 /* libopencv_features2d.3.4.5.dylib */,
				669047E82356E32100230676 /* libopencv_highgui.3.4.5.dylib */,
				669047EA2356E32100230676 /* libopencv_imgproc.3.4.5.dylib */,
				669047E92356E32100230676 /* libopencv_ml.3.4.5.dylib */,
			);
			name = Frameworks;
			sourceTree = "<group>";
		};
/* End PBXGroup section */

/* Begin PBXNativeTarget section */
		669047B32356B80D00230676 /* opencvdemo */ = {
			isa = PBXNativeTarget;
			buildConfigurationList = 669047BB2356B80D00230676 /* Build configuration list for PBXNativeTarget "opencvdemo" */;
			buildPhases = (
				669047B02356B80D00230676 /* Sources */,
				669047B12356B80D00230676 /* Frameworks */,
				669047B22356B80D00230676 /* CopyFiles */,
			);
			buildRules = (
			);
			dependencies = (
			);
			name = opencvdemo;
			productName = opencvdemo;
			productReference = 669047B42356B80D00230676 /* opencvdemo */;
			productType = "com.apple.product-type.tool";
		};
/* End PBXNativeTarget section */

/* Begin PBXProject section */
		669047AC2356B80D00230676 /* Project object */ = {
			isa = PBXProject;
			attributes = {
				KnownAssetTags = (
					New,
				);
				LastUpgradeCheck = 1030;
				ORGANIZATIONNAME = ChunmengYang;
				TargetAttributes = {
					669047B32356B80D00230676 = {
						CreatedOnToolsVersion = 10.3;
					};
				};
			};
			buildConfigurationList = 669047AF2356B80D00230676 /* Build configuration list for PBXProject "opencvdemo" */;
			compatibilityVersion = "Xcode 9.3";
			developmentRegion = en;
			hasScannedForEncodings = 0;
			knownRegions = (
				en,
			);
			mainGroup = 669047AB2356B80D00230676;
			productRefGroup = 669047B52356B80D00230676 /* Products */;
			projectDirPath = "";
			projectRoot = "";
			targets = (
				669047B32356B80D00230676 /* opencvdemo */,
			);
		};
/* End PBXProject section */

/* Begin PBXSourcesBuildPhase section */
		669047B02356B80D00230676 /* Sources */ = {
			isa = PBXSourcesBuildPhase;
			buildActionMask = 2147483647;
			files = (
				669047B82356B80D00230676 /* main.cpp in Sources */,
				66E4E5DF235DA30A00D4274E /* morphology.cpp in Sources */,
			);
			runOnlyForDeploymentPostprocessing = 0;
		};
/* End PBXSourcesBuildPhase section */

/* Begin XCBuildConfiguration section */
		669047B92356B80D00230676 /* Debug */ = {
			isa = XCBuildConfiguration;
			buildSettings = {
				ALWAYS_SEARCH_USER_PATHS = NO;
				CLANG_ANALYZER_NONNULL = YES;
				CLANG_ANALYZER_NUMBER_OBJECT_CONVERSION = YES_AGGRESSIVE;
				CLANG_CXX_LANGUAGE_STANDARD = "gnu++14";
				CLANG_CXX_LIBRARY = "libc++";
				CLANG_ENABLE_MODULES = YES;
				CLANG_ENABLE_OBJC_ARC = YES;
				CLANG_ENABLE_OBJC_WEAK = YES;
				CLANG_WARN_BLOCK_CAPTURE_AUTORELEASING = YES;
				CLANG_WARN_BOOL_CONVERSION = YES;
				CLANG_WARN_COMMA = YES;
				CLANG_WARN_CONSTANT_CONVERSION = YES;
				CLANG_WARN_DEPRECATED_OBJC_IMPLEMENTATIONS = YES;
				CLANG_WARN_DIRECT_OBJC_ISA_USAGE = YES_ERROR;
				CLANG_WARN_DOCUMENTATION_COMMENTS = YES;
				CLANG_WARN_EMPTY_BODY = YES;
				CLANG_WARN_ENUM_CONVERSION = YES;
				CLANG_WARN_INFINITE_RECURSION = YES;
				CLANG_WARN_INT_CONVERSION = YES;
				CLANG_WARN_NON_LITERAL_NULL_CONVERSION = YES;
				CLANG_WARN_OBJC_IMPLICIT_RETAIN_SELF = YES;
				CLANG_WARN_OBJC_LITERAL_CONVERSION = YES;
				CLANG_WARN_OBJC_ROOT_CLASS = YES_ERROR;
				CLANG_WARN_RANGE_LOOP_ANALYSIS = YES;
				CLANG_WARN_STRICT_PROTOTYPES = YES;
				CLANG_WARN_SUSPICIOUS_MOVE = YES;
				CLANG_WARN_UNGUARDED_AVAILABILITY = YES_AGGRESSIVE;
				CLANG_WARN_UNREACHABLE_CODE = YES;
				CLANG_WARN__DUPLICATE_METHOD_MATCH = YES;
				CODE_SIGN_IDENTITY = "Mac Developer";
				COPY_PHASE_STRIP = NO;
				DEBUG_INFORMATION_FORMAT = dwarf;
				ENABLE_STRICT_OBJC_MSGSEND = YES;
				ENABLE_TESTABILITY = YES;
				GCC_C_LANGUAGE_STANDARD = gnu11;
				GCC_DYNAMIC_NO_PIC = NO;
				GCC_NO_COMMON_BLOCKS = YES;
				GCC_OPTIMIZATION_LEVEL = 0;
				GCC_PREPROCESSOR_DEFINITIONS = (
					"DEBUG=1",
					"$(inherited)",
				);
				GCC_WARN_64_TO_32_BIT_CONVERSION = YES;
				GCC_WARN_ABOUT_RETURN_TYPE = YES_ERROR;
				GCC_WARN_UNDECLARED_SELECTOR = YES;
				GCC_WARN_UNINITIALIZED_AUTOS = YES_AGGRESSIVE;
				GCC_WARN_UNUSED_FUNCTION = YES;
				GCC_WARN_UNUSED_VARIABLE = YES;
				MACOSX_DEPLOYMENT_TARGET = 10.14;
				MTL_ENABLE_DEBUG_INFO = INCLUDE_SOURCE;
				MTL_FAST_MATH = YES;
				ONLY_ACTIVE_ARCH = YES;
				SDKROOT = macosx;
			};
			name = Debug;
		};
		669047BA2356B80D00230676 /* Release */ = {
			isa = XCBuildConfiguration;
			buildSettings = {
				ALWAYS_SEARCH_USER_PATHS = NO;
				CLANG_ANALYZER_NONNULL = YES;
				CLANG_ANALYZER_NUMBER_OBJECT_CONVERSION = YES_AGGRESSIVE;
				CLANG_CXX_LANGUAGE_STANDARD = "gnu++14";
				CLANG_CXX_LIBRARY = "libc++";
				CLANG_ENABLE_MODULES = YES;
				CLANG_ENABLE_OBJC_ARC = YES;
				CLANG_ENABLE_OBJC_WEAK = YES;
				CLANG_WARN_BLOCK_CAPTURE_AUTORELEASING = YES;
				CLANG_WARN_BOOL_CONVERSION = YES;
				CLANG_WARN_COMMA = YES;
				CLANG_WARN_CONSTANT_CONVERSION = YES;
				CLANG_WARN_DEPRECATED_OBJC_IMPLEMENTATIONS = YES;
				CLANG_WARN_DIRECT_OBJC_ISA_USAGE = YES_ERROR;
				CLANG_WARN_DOCUMENTATION_COMMENTS = YES;
				CLANG_WARN_EMPTY_BODY = YES;
				CLANG_WARN_ENUM_CONVERSION = YES;
				CLANG_WARN_INFINITE_RECURSION = YES;
				CLANG_WARN_INT_CONVERSION = YES;
				CLANG_WARN_NON_LITERAL_NULL_CONVERSION = YES;
				CLANG_WARN_OBJC_IMPLICIT_RETAIN_SELF = YES;
				CLANG_WARN_OBJC_LITERAL_CONVERSION = YES;
				CLANG_WARN_OBJC_ROOT_CLASS = YES_ERROR;
				CLANG_WARN_RANGE_LOOP_ANALYSIS = YES;
				CLANG_WARN_STRICT_PROTOTYPES = YES;
				CLANG_WARN_SUSPICIOUS_MOVE = YES;
				CLANG_WARN_UNGUARDED_AVAILABILITY = YES_AGGRESSIVE;
				CLANG_WARN_UNREACHABLE_CODE = YES;
				CLANG_WARN__DUPLICATE_METHOD_MATCH = YES;
				CODE_SIGN_IDENTITY = "Mac Developer";
				COPY_PHASE_STRIP = NO;
				DEBUG_INFORMATION_FORMAT = "dwarf-with-dsym";
				ENABLE_NS_ASSERTIONS = NO;
				ENABLE_STRICT_OBJC_MSGSEND = YES;
				GCC_C_LANGUAGE_STANDARD = gnu11;
				GCC_NO_COMMON_BLOCKS = YES;
				GCC_WARN_64_TO_32_BIT_CONVERSION = YES;
				GCC_WARN_ABOUT_RETURN_TYPE = YES_ERROR;
				GCC_WARN_UNDECLARED_SELECTOR = YES;
				GCC_WARN_UNINITIALIZED_AUTOS = YES_AGGRESSIVE;
				GCC_WARN_UNUSED_FUNCTION = YES;
				GCC_WARN_UNUSED_VARIABLE = YES;
				MACOSX_DEPLOYMENT_TARGET = 10.14;
				MTL_ENABLE_DEBUG_INFO = NO;
				MTL_FAST_MATH = YES;
				SDKROOT = macosx;
			};
			name = Release;
		};
		669047BC2356B80D00230676 /* Debug */ = {
			isa = XCBuildConfiguration;
			buildSettings = {
				ALWAYS_SEARCH_USER_PATHS = YES;
				CODE_SIGN_STYLE = Automatic;
				DEVELOPMENT_TEAM = JUL7KD6943;
				FRAMEWORK_SEARCH_PATHS = /usr/local/lib;
				HEADER_SEARCH_PATHS = (
					/usr/local/include,
					"/usr/local/opt/opencv@3/include",
				);
				INFOPLIST_FILE = "$(SRCROOT)/info.plist";
				LIBRARY_SEARCH_PATHS = (
					/usr/local/lib,
					"/usr/local/opt/opencv@3/lib",
					"/usr/local/Cellar/opencv@3/3.4.5_6/lib",
					"$(SDKROOT)/usr/lib/system",
				);
				PRODUCT_BUNDLE_IDENTIFIER = com.mash5.opencv;
				PRODUCT_NAME = "$(TARGET_NAME)";
			};
			name = Debug;
		};
		669047BD2356B80D00230676 /* Release */ = {
			isa = XCBuildConfiguration;
			buildSettings = {
				ALWAYS_SEARCH_USER_PATHS = YES;
				CODE_SIGN_STYLE = Automatic;
				DEVELOPMENT_TEAM = JUL7KD6943;
				FRAMEWORK_SEARCH_PATHS = /usr/local/lib;
				HEADER_SEARCH_PATHS = (
					/usr/local/include,
					"/usr/local/opt/opencv@3/include",
				);
				INFOPLIST_FILE = "$(SRCROOT)/info.plist";
				LIBRARY_SEARCH_PATHS = (
					/usr/local/lib,
					"/usr/local/opt/opencv@3/lib",
					"/usr/local/Cellar/opencv@3/3.4.5_6/lib",
					"$(SDKROOT)/usr/lib/system",
				);
				PRODUCT_BUNDLE_IDENTIFIER = com.mash5.opencv;
				PRODUCT_NAME = "$(TARGET_NAME)";
			};
			name = Release;
		};
/* End XCBuildConfiguration section */

/* Begin XCConfigurationList section */
		669047AF2356B80D00230676 /* Build configuration list for PBXProject "opencvdemo" */ = {
			isa = XCConfigurationList;
			buildConfigurations = (
				669047B92356B80D00230676 /* Debug */,
				669047BA2356B80D00230676 /* Release */,
			);
			defaultConfigurationIsVisible = 0;
			defaultConfigurationName = Release;
		};
		669047BB2356B80D00230676 /* Build configuration list for PBXNativeTarget "opencvdemo" */ = {
			isa = XCConfigurationList;
			buildConfigurations = (
				669047BC2356B80D00230676 /* Debug */,
				669047BD2356B80D00230676 /* Release */,
			);
			defaultConfigurationIsVisible = 0;
			defaultConfigurationName = Release;
		};
/* End XCConfigurationList section */
	};
	rootObject = 669047AC2356B80D00230676 /* Project object */;
}
